uuid: 9a2e7284-2603-4821-9d4a-a8cd8b80fdbc
langcode: en
status: true
dependencies:
  module:
    - entity_reference_revisions
    - node
    - paragraphs
id: node.field_add_paragraph_block
field_name: field_add_paragraph_block
entity_type: node
type: entity_reference_revisions
settings:
  target_type: paragraph
module: entity_reference_revisions
locked: false
cardinality: -1
translatable: true
indexes: {  }
persist_with_no_fields: false
custom_storage: false
